schema: '2.0'
stages:
  download:
    cmd: python neo4jam/cli.py download /home/devel/neo4jam/data/text2cypher/raw/downloaded.csv
    deps:
    - path: neo4jam/cli.py
      hash: md5
      md5: d1f38ea2362999729c8a70832fd65a41
      size: 1487
      isexec: true
    - path: neo4jam/data/download.py
      hash: md5
      md5: 59825fc2b4f34d6776f4c896bbfcb3bf
      size: 3186
      isexec: true
    outs:
    - path: data/text2cypher/raw/downloaded.csv
      hash: md5
      md5: 801c9081d72a7a5834bc887fe7a80167
      size: 90326367
  preprocess:
    cmd: python neo4jam/cli.py preprocess /home/devel/neo4jam/data/text2cypher/raw/downloaded.csv
      /home/devel/neo4jam/data/text2cypher/processed
    deps:
    - path: ./.config/config.json
      hash: md5
      md5: e73776a72395f8d59d0bb9cd4e9d075e
      size: 199
    - path: data/text2cypher/raw/downloaded.csv
      hash: md5
      md5: 801c9081d72a7a5834bc887fe7a80167
      size: 90326367
    - path: neo4jam/cli.py
      hash: md5
      md5: d1f38ea2362999729c8a70832fd65a41
      size: 1487
      isexec: true
    - path: neo4jam/data/preprocess.py
      hash: md5
      md5: 3666a40c742b649a947409aa82f00a9c
      size: 1916
      isexec: true
    outs:
    - path: data/text2cypher/processed
      hash: md5
      md5: 0bd5c85a80fe32f22a00419fbbed7a86.dir
      size: 71363084
      nfiles: 17
  sample:
    cmd: mkdir /home/devel/neo4jam/data/text2cypher/sampled && python neo4jam/cli.py
      sample /home/devel/neo4jam/data/text2cypher/processed /home/devel/neo4jam/data/text2cypher/sampled
    deps:
    - path: ./.config/config.json
      hash: md5
      md5: e73776a72395f8d59d0bb9cd4e9d075e
      size: 199
    - path: data/text2cypher/processed
      hash: md5
      md5: 0bd5c85a80fe32f22a00419fbbed7a86.dir
      size: 71363084
      nfiles: 17
    - path: neo4jam/cli.py
      hash: md5
      md5: d1f38ea2362999729c8a70832fd65a41
      size: 1487
      isexec: true
    - path: neo4jam/data/preprocess.py
      hash: md5
      md5: 3666a40c742b649a947409aa82f00a9c
      size: 1916
      isexec: true
    outs:
    - path: data/text2cypher/sampled
      hash: md5
      md5: b71cbdbe4bdb12b47c9262e3a7957af5.dir
      size: 4560394
      nfiles: 17
  generate:
    cmd: mkdir /home/devel/neo4jam/data/text2cypher/generated && python neo4jam/cli.py
      generate /home/devel/neo4jam/data/text2cypher/sampled /home/devel/neo4jam/data/text2cypher/generated
    deps:
    - path: ./.config/config.json
      hash: md5
      md5: e73776a72395f8d59d0bb9cd4e9d075e
      size: 199
    - path: data/text2cypher/sampled
      hash: md5
      md5: b71cbdbe4bdb12b47c9262e3a7957af5.dir
      size: 4560394
      nfiles: 17
    - path: neo4jam/ai/generator.py
      hash: md5
      md5: f30c5ade2f61dd6ba414e4e87fc28433
      size: 1525
      isexec: true
    - path: neo4jam/cli.py
      hash: md5
      md5: d1f38ea2362999729c8a70832fd65a41
      size: 1487
      isexec: true
    - path: neo4jam/models
      hash: md5
      md5: 19726ba07771b25780b44248adbb8d55.dir
      size: 11745
      nfiles: 6
    - path: neo4jam/prompt.py
      hash: md5
      md5: 9708755bac5ba1773707547fb1aa634f
      size: 2373
    outs:
    - path: data/text2cypher/generated
      hash: md5
      md5: ef880b9a0ddc39b0d562991b4be1a977.dir
      size: 4776558
      nfiles: 17
  evaluate:
    cmd: mkdir /home/devel/neo4jam/data/text2cypher/evaluation && python neo4jam/cli.py
      evaluate /home/devel/neo4jam/data/text2cypher/generated /home/devel/neo4jam/data/text2cypher/evaluation
    deps:
    - path: data/text2cypher/generated
      hash: md5
      md5: ef880b9a0ddc39b0d562991b4be1a977.dir
      size: 4776558
      nfiles: 17
    - path: neo4jam/cli.py
      hash: md5
      md5: d1f38ea2362999729c8a70832fd65a41
      size: 1487
      isexec: true
    - path: neo4jam/evaluation/evaluate.py
      hash: md5
      md5: 6a549de87a61192bbe8bb7074283135e
      size: 2733
      isexec: true
    - path: neo4jam/evaluation/metrics.py
      hash: md5
      md5: 4ef64929c02b5f77ef3e9309b6c46fae
      size: 1882
      isexec: true
    outs:
    - path: data/text2cypher/evaluation
      hash: md5
      md5: fb85307e11b5d6d51104fe8234d0ce40.dir
      size: 5376477
      nfiles: 17
